<?xml version="1.0" encoding="UTF-8" standalone="yes" ?>
<CodeBlocks_project_file>
	<FileVersion major="1" minor="6" />
	<Project>
		<Option title="Project" />
		<Option pch_mode="2" />
		<Option compiler="gcc" />
		<Build>
			<Target title="Debug">
				<Option output="bin/Debug/Project" prefix_auto="1" extension_auto="1" />
				<Option object_output="obj/Debug/" />
				<Option type="1" />
				<Option compiler="gcc" />
				<Compiler>
					<Add option="-g" />
					<Add directory="./" />
				</Compiler>
			</Target>
			<Target title="Release">
				<Option output="bin/Release/Project" prefix_auto="1" extension_auto="1" />
				<Option object_output="obj/Release/" />
				<Option type="1" />
				<Option compiler="gcc" />
				<Compiler>
					<Add option="-O2" />
					<Add directory="./" />
				</Compiler>
				<Linker>
					<Add option="-s" />
				</Linker>
			</Target>
		</Build>
		<Compiler>
			<Add option="-Wall" />
			<Add option="-fexceptions" />
		</Compiler>
		<Unit filename="BulletObjects.cpp" />
		<Unit filename="BulletObjects.h" />
		<Unit filename="Exploitation_objects.cpp" />
		<Unit filename="Exploitation_objects.h" />
		<Unit filename="ImpTimer.cpp" />
		<Unit filename="ImpTimer.h" />
		<Unit filename="MainObjects.cpp" />
		<Unit filename="MainObjects.h" />
		<Unit filename="Menu.cpp" />
		<Unit filename="Menu.h" />
		<Unit filename="ThreatObjects.cpp" />
		<Unit filename="ThreatObjects.h" />
		<Unit filename="defs.cpp" />
		<Unit filename="defs.h" />
		<Unit filename="game_map.cpp" />
		<Unit filename="game_map.h" />
		<Unit filename="graphic_.cpp" />
		<Unit filename="graphic_.h" />
		<Unit filename="main.cpp" />
		<Unit filename="objects.cpp" />
		<Unit filename="objects.h" />
		<Unit filename="set_up_loop.cpp" />
		<Unit filename="set_up_loop.h" />
		<Extensions>
			<lib_finder disable_auto="1" />
		</Extensions>
	</Project>
</CodeBlocks_project_file>
